# This file is automatically @generated by Poetry 1.6.1 and should not be changed by hand.

[[package]]
name = "argparse"
version = "1.4.0"
description = "Python command-line parsing library"
optional = false
python-versions = "*"
files = [
    {file = "argparse-1.4.0-py2.py3-none-any.whl", hash = "sha256:c31647edb69fd3d465a847ea3157d37bed1f95f19760b11a47aa91c04b666314"},
    {file = "argparse-1.4.0.tar.gz", hash = "sha256:62b089a55be1d8949cd2bc7e0df0bddb9e028faefc8c32038cc84862aefdd6e4"},
]

[[package]]
name = "certifi"
version = "2023.7.22"
description = "Python package for providing Mozilla's CA Bundle."
optional = false
python-versions = ">=3.6"
files = [
    {file = "certifi-2023.7.22-py3-none-any.whl", hash = "sha256:92d6037539857d8206b8f6ae472e8b77db8058fec5937a1ef3f54304089edbb9"},
    {file = "certifi-2023.7.22.tar.gz", hash = "sha256:539cc1d13202e33ca466e88b2807e29f4c13049d6d87031a3c110744495cb082"},
]

[[package]]
name = "charset-normalizer"
version = "3.3.1"
description = "The Real First Universal Charset Detector. Open, modern and actively maintained alternative to Chardet."
optional = false
python-versions = ">=3.7.0"
files = [
    {file = "charset-normalizer-3.3.1.tar.gz", hash = "sha256:d9137a876020661972ca6eec0766d81aef8a5627df628b664b234b73396e727e"},
    {file = "charset_normalizer-3.3.1-cp310-cp310-macosx_10_9_universal2.whl", hash = "sha256:8aee051c89e13565c6bd366813c386939f8e928af93c29fda4af86d25b73d8f8"},
    {file = "charset_normalizer-3.3.1-cp310-cp310-macosx_10_9_x86_64.whl", hash = "sha256:352a88c3df0d1fa886562384b86f9a9e27563d4704ee0e9d56ec6fcd270ea690"},
    {file = "charset_normalizer-3.3.1-cp310-cp310-macosx_11_0_arm64.whl", hash = "sha256:223b4d54561c01048f657fa6ce41461d5ad8ff128b9678cfe8b2ecd951e3f8a2"},
    {file = "charset_normalizer-3.3.1-cp310-cp310-manylinux_2_17_aarch64.manylinux2014_aarch64.whl", hash = "sha256:4f861d94c2a450b974b86093c6c027888627b8082f1299dfd5a4bae8e2292821"},
    {file = "charset_normalizer-3.3.1-cp310-cp310-manylinux_2_17_ppc64le.manylinux2014_ppc64le.whl", hash = "sha256:1171ef1fc5ab4693c5d151ae0fdad7f7349920eabbaca6271f95969fa0756c2d"},
    {file = "charset_normalizer-3.3.1-cp310-cp310-manylinux_2_17_s390x.manylinux2014_s390x.whl", hash = "sha256:28f512b9a33235545fbbdac6a330a510b63be278a50071a336afc1b78781b147"},
    {file = "charset_normalizer-3.3.1-cp310-cp310-manylinux_2_17_x86_64.manylinux2014_x86_64.whl", hash = "sha256:c0e842112fe3f1a4ffcf64b06dc4c61a88441c2f02f373367f7b4c1aa9be2ad5"},
    {file = "charset_normalizer-3.3.1-cp310-cp310-manylinux_2_5_i686.manylinux1_i686.manylinux_2_17_i686.manylinux2014_i686.whl", hash = "sha256:3f9bc2ce123637a60ebe819f9fccc614da1bcc05798bbbaf2dd4ec91f3e08846"},
    {file = "charset_normalizer-3.3.1-cp310-cp310-musllinux_1_1_aarch64.whl", hash = "sha256:f194cce575e59ffe442c10a360182a986535fd90b57f7debfaa5c845c409ecc3"},
    {file = "charset_normalizer-3.3.1-cp310-cp310-musllinux_1_1_i686.whl", hash = "sha256:9a74041ba0bfa9bc9b9bb2cd3238a6ab3b7618e759b41bd15b5f6ad958d17605"},
    {file = "charset_normalizer-3.3.1-cp310-cp310-musllinux_1_1_ppc64le.whl", hash = "sha256:b578cbe580e3b41ad17b1c428f382c814b32a6ce90f2d8e39e2e635d49e498d1"},
    {file = "charset_normalizer-3.3.1-cp310-cp310-musllinux_1_1_s390x.whl", hash = "sha256:6db3cfb9b4fcecb4390db154e75b49578c87a3b9979b40cdf90d7e4b945656e1"},
    {file = "charset_normalizer-3.3.1-cp310-cp310-musllinux_1_1_x86_64.whl", hash = "sha256:debb633f3f7856f95ad957d9b9c781f8e2c6303ef21724ec94bea2ce2fcbd056"},
    {file = "charset_normalizer-3.3.1-cp310-cp310-win32.whl", hash = "sha256:87071618d3d8ec8b186d53cb6e66955ef2a0e4fa63ccd3709c0c90ac5a43520f"},
    {file = "charset_normalizer-3.3.1-cp310-cp310-win_amd64.whl", hash = "sha256:e372d7dfd154009142631de2d316adad3cc1c36c32a38b16a4751ba78da2a397"},
    {file = "charset_normalizer-3.3.1-cp311-cp311-macosx_10_9_universal2.whl", hash = "sha256:ae4070f741f8d809075ef697877fd350ecf0b7c5837ed68738607ee0a2c572cf"},
    {file = "charset_normalizer-3.3.1-cp311-cp311-macosx_10_9_x86_64.whl", hash = "sha256:58e875eb7016fd014c0eea46c6fa92b87b62c0cb31b9feae25cbbe62c919f54d"},
    {file = "charset_normalizer-3.3.1-cp311-cp311-macosx_11_0_arm64.whl", hash = "sha256:dbd95e300367aa0827496fe75a1766d198d34385a58f97683fe6e07f89ca3e3c"},
    {file = "charset_normalizer-3.3.1-cp311-cp311-manylinux_2_17_aarch64.manylinux2014_aarch64.whl", hash = "sha256:de0b4caa1c8a21394e8ce971997614a17648f94e1cd0640fbd6b4d14cab13a72"},
    {file = "charset_normalizer-3.3.1-cp311-cp311-manylinux_2_17_ppc64le.manylinux2014_ppc64le.whl", hash = "sha256:985c7965f62f6f32bf432e2681173db41336a9c2611693247069288bcb0c7f8b"},
    {file = "charset_normalizer-3.3.1-cp311-cp311-manylinux_2_17_s390x.manylinux2014_s390x.whl", hash = "sha256:a15c1fe6d26e83fd2e5972425a772cca158eae58b05d4a25a4e474c221053e2d"},
    {file = "charset_normalizer-3.3.1-cp311-cp311-manylinux_2_17_x86_64.manylinux2014_x86_64.whl", hash = "sha256:ae55d592b02c4349525b6ed8f74c692509e5adffa842e582c0f861751701a673"},
    {file = "charset_normalizer-3.3.1-cp311-cp311-manylinux_2_5_i686.manylinux1_i686.manylinux_2_17_i686.manylinux2014_i686.whl", hash = "sha256:be4d9c2770044a59715eb57c1144dedea7c5d5ae80c68fb9959515037cde2008"},
    {file = "charset_normalizer-3.3.1-cp311-cp311-musllinux_1_1_aarch64.whl", hash = "sha256:851cf693fb3aaef71031237cd68699dded198657ec1e76a76eb8be58c03a5d1f"},
    {file = "charset_normalizer-3.3.1-cp311-cp311-musllinux_1_1_i686.whl", hash = "sha256:31bbaba7218904d2eabecf4feec0d07469284e952a27400f23b6628439439fa7"},
    {file = "charset_normalizer-3.3.1-cp311-cp311-musllinux_1_1_ppc64le.whl", hash = "sha256:871d045d6ccc181fd863a3cd66ee8e395523ebfbc57f85f91f035f50cee8e3d4"},
    {file = "charset_normalizer-3.3.1-cp311-cp311-musllinux_1_1_s390x.whl", hash = "sha256:501adc5eb6cd5f40a6f77fbd90e5ab915c8fd6e8c614af2db5561e16c600d6f3"},
    {file = "charset_normalizer-3.3.1-cp311-cp311-musllinux_1_1_x86_64.whl", hash = "sha256:f5fb672c396d826ca16a022ac04c9dce74e00a1c344f6ad1a0fdc1ba1f332213"},
    {file = "charset_normalizer-3.3.1-cp311-cp311-win32.whl", hash = "sha256:bb06098d019766ca16fc915ecaa455c1f1cd594204e7f840cd6258237b5079a8"},
    {file = "charset_normalizer-3.3.1-cp311-cp311-win_amd64.whl", hash = "sha256:8af5a8917b8af42295e86b64903156b4f110a30dca5f3b5aedea123fbd638bff"},
    {file = "charset_normalizer-3.3.1-cp312-cp312-macosx_10_9_universal2.whl", hash = "sha256:7ae8e5142dcc7a49168f4055255dbcced01dc1714a90a21f87448dc8d90617d1"},
    {file = "charset_normalizer-3.3.1-cp312-cp312-macosx_10_9_x86_64.whl", hash = "sha256:5b70bab78accbc672f50e878a5b73ca692f45f5b5e25c8066d748c09405e6a55"},
    {file = "charset_normalizer-3.3.1-cp312-cp312-macosx_11_0_arm64.whl", hash = "sha256:5ceca5876032362ae73b83347be8b5dbd2d1faf3358deb38c9c88776779b2e2f"},
    {file = "charset_normalizer-3.3.1-cp312-cp312-manylinux_2_17_aarch64.manylinux2014_aarch64.whl", hash = "sha256:34d95638ff3613849f473afc33f65c401a89f3b9528d0d213c7037c398a51296"},
    {file = "charset_normalizer-3.3.1-cp312-cp312-manylinux_2_17_ppc64le.manylinux2014_ppc64le.whl", hash = "sha256:9edbe6a5bf8b56a4a84533ba2b2f489d0046e755c29616ef8830f9e7d9cf5728"},
    {file = "charset_normalizer-3.3.1-cp312-cp312-manylinux_2_17_s390x.manylinux2014_s390x.whl", hash = "sha256:f6a02a3c7950cafaadcd46a226ad9e12fc9744652cc69f9e5534f98b47f3bbcf"},
    {file = "charset_normalizer-3.3.1-cp312-cp312-manylinux_2_17_x86_64.manylinux2014_x86_64.whl", hash = "sha256:10b8dd31e10f32410751b3430996f9807fc4d1587ca69772e2aa940a82ab571a"},
    {file = "charset_normalizer-3.3.1-cp312-cp312-manylinux_2_5_i686.manylinux1_i686.manylinux_2_17_i686.manylinux2014_i686.whl", hash = "sha256:edc0202099ea1d82844316604e17d2b175044f9bcb6b398aab781eba957224bd"},
    {file = "charset_normalizer-3.3.1-cp312-cp312-musllinux_1_1_aarch64.whl", hash = "sha256:b891a2f68e09c5ef989007fac11476ed33c5c9994449a4e2c3386529d703dc8b"},
    {file = "charset_normalizer-3.3.1-cp312-cp312-musllinux_1_1_i686.whl", hash = "sha256:71ef3b9be10070360f289aea4838c784f8b851be3ba58cf796262b57775c2f14"},
    {file = "charset_normalizer-3.3.1-cp312-cp312-musllinux_1_1_ppc64le.whl", hash = "sha256:55602981b2dbf8184c098bc10287e8c245e351cd4fdcad050bd7199d5a8bf514"},
    {file = "charset_normalizer-3.3.1-cp312-cp312-musllinux_1_1_s390x.whl", hash = "sha256:46fb9970aa5eeca547d7aa0de5d4b124a288b42eaefac677bde805013c95725c"},
    {file = "charset_normalizer-3.3.1-cp312-cp312-musllinux_1_1_x86_64.whl", hash = "sha256:520b7a142d2524f999447b3a0cf95115df81c4f33003c51a6ab637cbda9d0bf4"},
    {file = "charset_normalizer-3.3.1-cp312-cp312-win32.whl", hash = "sha256:8ec8ef42c6cd5856a7613dcd1eaf21e5573b2185263d87d27c8edcae33b62a61"},
    {file = "charset_normalizer-3.3.1-cp312-cp312-win_amd64.whl", hash = "sha256:baec8148d6b8bd5cee1ae138ba658c71f5b03e0d69d5907703e3e1df96db5e41"},
    {file = "charset_normalizer-3.3.1-cp37-cp37m-macosx_10_9_x86_64.whl", hash = "sha256:63a6f59e2d01310f754c270e4a257426fe5a591dc487f1983b3bbe793cf6bac6"},
    {file = "charset_normalizer-3.3.1-cp37-cp37m-manylinux_2_17_aarch64.manylinux2014_aarch64.whl", hash = "sha256:1d6bfc32a68bc0933819cfdfe45f9abc3cae3877e1d90aac7259d57e6e0f85b1"},
    {file = "charset_normalizer-3.3.1-cp37-cp37m-manylinux_2_17_ppc64le.manylinux2014_ppc64le.whl", hash = "sha256:4f3100d86dcd03c03f7e9c3fdb23d92e32abbca07e7c13ebd7ddfbcb06f5991f"},
    {file = "charset_normalizer-3.3.1-cp37-cp37m-manylinux_2_17_s390x.manylinux2014_s390x.whl", hash = "sha256:39b70a6f88eebe239fa775190796d55a33cfb6d36b9ffdd37843f7c4c1b5dc67"},
    {file = "charset_normalizer-3.3.1-cp37-cp37m-manylinux_2_17_x86_64.manylinux2014_x86_64.whl", hash = "sha256:4e12f8ee80aa35e746230a2af83e81bd6b52daa92a8afaef4fea4a2ce9b9f4fa"},
    {file = "charset_normalizer-3.3.1-cp37-cp37m-manylinux_2_5_i686.manylinux1_i686.manylinux_2_17_i686.manylinux2014_i686.whl", hash = "sha256:7b6cefa579e1237ce198619b76eaa148b71894fb0d6bcf9024460f9bf30fd228"},
    {file = "charset_normalizer-3.3.1-cp37-cp37m-musllinux_1_1_aarch64.whl", hash = "sha256:61f1e3fb621f5420523abb71f5771a204b33c21d31e7d9d86881b2cffe92c47c"},
    {file = "charset_normalizer-3.3.1-cp37-cp37m-musllinux_1_1_i686.whl", hash = "sha256:4f6e2a839f83a6a76854d12dbebde50e4b1afa63e27761549d006fa53e9aa80e"},
    {file = "charset_normalizer-3.3.1-cp37-cp37m-musllinux_1_1_ppc64le.whl", hash = "sha256:1ec937546cad86d0dce5396748bf392bb7b62a9eeb8c66efac60e947697f0e58"},
    {file = "charset_normalizer-3.3.1-cp37-cp37m-musllinux_1_1_s390x.whl", hash = "sha256:82ca51ff0fc5b641a2d4e1cc8c5ff108699b7a56d7f3ad6f6da9dbb6f0145b48"},
    {file = "charset_normalizer-3.3.1-cp37-cp37m-musllinux_1_1_x86_64.whl", hash = "sha256:633968254f8d421e70f91c6ebe71ed0ab140220469cf87a9857e21c16687c034"},
    {file = "charset_normalizer-3.3.1-cp37-cp37m-win32.whl", hash = "sha256:c0c72d34e7de5604df0fde3644cc079feee5e55464967d10b24b1de268deceb9"},
    {file = "charset_normalizer-3.3.1-cp37-cp37m-win_amd64.whl", hash = "sha256:63accd11149c0f9a99e3bc095bbdb5a464862d77a7e309ad5938fbc8721235ae"},
    {file = "charset_normalizer-3.3.1-cp38-cp38-macosx_10_9_universal2.whl", hash = "sha256:5a3580a4fdc4ac05f9e53c57f965e3594b2f99796231380adb2baaab96e22761"},
    {file = "charset_normalizer-3.3.1-cp38-cp38-macosx_10_9_x86_64.whl", hash = "sha256:2465aa50c9299d615d757c1c888bc6fef384b7c4aec81c05a0172b4400f98557"},
    {file = "charset_normalizer-3.3.1-cp38-cp38-macosx_11_0_arm64.whl", hash = "sha256:cb7cd68814308aade9d0c93c5bd2ade9f9441666f8ba5aa9c2d4b389cb5e2a45"},
    {file = "charset_normalizer-3.3.1-cp38-cp38-manylinux_2_17_aarch64.manylinux2014_aarch64.whl", hash = "sha256:91e43805ccafa0a91831f9cd5443aa34528c0c3f2cc48c4cb3d9a7721053874b"},
    {file = "charset_normalizer-3.3.1-cp38-cp38-manylinux_2_17_ppc64le.manylinux2014_ppc64le.whl", hash = "sha256:854cc74367180beb327ab9d00f964f6d91da06450b0855cbbb09187bcdb02de5"},
    {file = "charset_normalizer-3.3.1-cp38-cp38-manylinux_2_17_s390x.manylinux2014_s390x.whl", hash = "sha256:c15070ebf11b8b7fd1bfff7217e9324963c82dbdf6182ff7050519e350e7ad9f"},
    {file = "charset_normalizer-3.3.1-cp38-cp38-manylinux_2_17_x86_64.manylinux2014_x86_64.whl", hash = "sha256:2c4c99f98fc3a1835af8179dcc9013f93594d0670e2fa80c83aa36346ee763d2"},
    {file = "charset_normalizer-3.3.1-cp38-cp38-manylinux_2_5_i686.manylinux1_i686.manylinux_2_17_i686.manylinux2014_i686.whl", hash = "sha256:3fb765362688821404ad6cf86772fc54993ec11577cd5a92ac44b4c2ba52155b"},
    {file = "charset_normalizer-3.3.1-cp38-cp38-musllinux_1_1_aarch64.whl", hash = "sha256:dced27917823df984fe0c80a5c4ad75cf58df0fbfae890bc08004cd3888922a2"},
    {file = "charset_normalizer-3.3.1-cp38-cp38-musllinux_1_1_i686.whl", hash = "sha256:a66bcdf19c1a523e41b8e9d53d0cedbfbac2e93c649a2e9502cb26c014d0980c"},
    {file = "charset_normalizer-3.3.1-cp38-cp38-musllinux_1_1_ppc64le.whl", hash = "sha256:ecd26be9f112c4f96718290c10f4caea6cc798459a3a76636b817a0ed7874e42"},
    {file = "charset_normalizer-3.3.1-cp38-cp38-musllinux_1_1_s390x.whl", hash = "sha256:3f70fd716855cd3b855316b226a1ac8bdb3caf4f7ea96edcccc6f484217c9597"},
    {file = "charset_normalizer-3.3.1-cp38-cp38-musllinux_1_1_x86_64.whl", hash = "sha256:17a866d61259c7de1bdadef418a37755050ddb4b922df8b356503234fff7932c"},
    {file = "charset_normalizer-3.3.1-cp38-cp38-win32.whl", hash = "sha256:548eefad783ed787b38cb6f9a574bd8664468cc76d1538215d510a3cd41406cb"},
    {file = "charset_normalizer-3.3.1-cp38-cp38-win_amd64.whl", hash = "sha256:45f053a0ece92c734d874861ffe6e3cc92150e32136dd59ab1fb070575189c97"},
    {file = "charset_normalizer-3.3.1-cp39-cp39-macosx_10_9_universal2.whl", hash = "sha256:bc791ec3fd0c4309a753f95bb6c749ef0d8ea3aea91f07ee1cf06b7b02118f2f"},
    {file = "charset_normalizer-3.3.1-cp39-cp39-macosx_10_9_x86_64.whl", hash = "sha256:0c8c61fb505c7dad1d251c284e712d4e0372cef3b067f7ddf82a7fa82e1e9a93"},
    {file = "charset_normalizer-3.3.1-cp39-cp39-macosx_11_0_arm64.whl", hash = "sha256:2c092be3885a1b7899cd85ce24acedc1034199d6fca1483fa2c3a35c86e43041"},
    {file = "charset_normalizer-3.3.1-cp39-cp39-manylinux_2_17_aarch64.manylinux2014_aarch64.whl", hash = "sha256:c2000c54c395d9e5e44c99dc7c20a64dc371f777faf8bae4919ad3e99ce5253e"},
    {file = "charset_normalizer-3.3.1-cp39-cp39-manylinux_2_17_ppc64le.manylinux2014_ppc64le.whl", hash = "sha256:4cb50a0335382aac15c31b61d8531bc9bb657cfd848b1d7158009472189f3d62"},
    {file = "charset_normalizer-3.3.1-cp39-cp39-manylinux_2_17_s390x.manylinux2014_s390x.whl", hash = "sha256:c30187840d36d0ba2893bc3271a36a517a717f9fd383a98e2697ee890a37c273"},
    {file = "charset_normalizer-3.3.1-cp39-cp39-manylinux_2_17_x86_64.manylinux2014_x86_64.whl", hash = "sha256:fe81b35c33772e56f4b6cf62cf4aedc1762ef7162a31e6ac7fe5e40d0149eb67"},
    {file = "charset_normalizer-3.3.1-cp39-cp39-manylinux_2_5_i686.manylinux1_i686.manylinux_2_17_i686.manylinux2014_i686.whl", hash = "sha256:d0bf89afcbcf4d1bb2652f6580e5e55a840fdf87384f6063c4a4f0c95e378656"},
    {file = "charset_normalizer-3.3.1-cp39-cp39-musllinux_1_1_aarch64.whl", hash = "sha256:06cf46bdff72f58645434d467bf5228080801298fbba19fe268a01b4534467f5"},
    {file = "charset_normalizer-3.3.1-cp39-cp39-musllinux_1_1_i686.whl", hash = "sha256:3c66df3f41abee950d6638adc7eac4730a306b022570f71dd0bd6ba53503ab57"},
    {file = "charset_normalizer-3.3.1-cp39-cp39-musllinux_1_1_ppc64le.whl", hash = "sha256:cd805513198304026bd379d1d516afbf6c3c13f4382134a2c526b8b854da1c2e"},
    {file = "charset_normalizer-3.3.1-cp39-cp39-musllinux_1_1_s390x.whl", hash = "sha256:9505dc359edb6a330efcd2be825fdb73ee3e628d9010597aa1aee5aa63442e97"},
    {file = "charset_normalizer-3.3.1-cp39-cp39-musllinux_1_1_x86_64.whl", hash = "sha256:31445f38053476a0c4e6d12b047b08ced81e2c7c712e5a1ad97bc913256f91b2"},
    {file = "charset_normalizer-3.3.1-cp39-cp39-win32.whl", hash = "sha256:bd28b31730f0e982ace8663d108e01199098432a30a4c410d06fe08fdb9e93f4"},
    {file = "charset_normalizer-3.3.1-cp39-cp39-win_amd64.whl", hash = "sha256:555fe186da0068d3354cdf4bbcbc609b0ecae4d04c921cc13e209eece7720727"},
    {file = "charset_normalizer-3.3.1-py3-none-any.whl", hash = "sha256:800561453acdecedaac137bf09cd719c7a440b6800ec182f077bb8e7025fb708"},
]

[[package]]
name = "dependency-injector"
version = "4.41.0"
description = "Dependency injection framework for Python"
optional = false
python-versions = "*"
files = [
    {file = "dependency-injector-4.41.0.tar.gz", hash = "sha256:939dfc657104bc3e66b67afd3fb2ebb0850c9a1e73d0d26066f2bbdd8735ff9c"},
    {file = "dependency_injector-4.41.0-cp310-cp310-macosx_10_9_x86_64.whl", hash = "sha256:a2381a251b04244125148298212550750e6e1403e9b2850cc62e0e829d050ad3"},
    {file = "dependency_injector-4.41.0-cp310-cp310-manylinux_2_17_aarch64.manylinux2014_aarch64.whl", hash = "sha256:75280dfa23f7c88e1bf56c3920d58a43516816de6f6ab2a6650bb8a0f27d5c2c"},
    {file = "dependency_injector-4.41.0-cp310-cp310-manylinux_2_17_x86_64.manylinux2014_x86_64.whl", hash = "sha256:63bfba21f8bff654a80e9b9d06dd6c43a442990b73bf89cd471314c11c541ec2"},
    {file = "dependency_injector-4.41.0-cp310-cp310-manylinux_2_5_i686.manylinux1_i686.manylinux_2_17_i686.manylinux2014_i686.whl", hash = "sha256:3535d06416251715b45f8412482b58ec1c6196a4a3baa207f947f0b03a7c4b44"},
    {file = "dependency_injector-4.41.0-cp310-cp310-musllinux_1_1_aarch64.whl", hash = "sha256:d09c08c944a25dabfb454238c1a889acd85102b93ae497de523bf9ab7947b28a"},
    {file = "dependency_injector-4.41.0-cp310-cp310-musllinux_1_1_i686.whl", hash = "sha256:586a0821720b15932addbefb00f7370fbcd5831d6ebbd6494d774b44ff96d23a"},
    {file = "dependency_injector-4.41.0-cp310-cp310-musllinux_1_1_x86_64.whl", hash = "sha256:7fa4970f12a3fc95d8796938b11c41276ad1ff4c447b0e589212eab3fc527a90"},
    {file = "dependency_injector-4.41.0-cp310-cp310-win32.whl", hash = "sha256:d557e40673de984f78dab13ebd68d27fbb2f16d7c4e3b663ea2fa2f9fae6765b"},
    {file = "dependency_injector-4.41.0-cp310-cp310-win_amd64.whl", hash = "sha256:3744c327d18408e74781bd6d8b7738745ee80ef89f2c8daecf9ebd098cb84972"},
    {file = "dependency_injector-4.41.0-cp311-cp311-macosx_10_9_x86_64.whl", hash = "sha256:89c67edffe7007cf33cee79ecbca38f48efcc2add5c280717af434db6c789377"},
    {file = "dependency_injector-4.41.0-cp311-cp311-manylinux_2_17_aarch64.manylinux2014_aarch64.whl", hash = "sha256:786f7aac592e191c9caafc47732161d807bad65c62f260cd84cd73c7e2d67d6d"},
    {file = "dependency_injector-4.41.0-cp311-cp311-manylinux_2_17_x86_64.manylinux2014_x86_64.whl", hash = "sha256:b8b61a15bc46a3aa7b29bd8a7384b650aa3a7ef943491e93c49a0540a0b3dda4"},
    {file = "dependency_injector-4.41.0-cp311-cp311-manylinux_2_5_i686.manylinux1_i686.manylinux_2_17_i686.manylinux2014_i686.whl", hash = "sha256:a4f113e5d4c3070973ad76e5bda7317e500abae6083d78689f0b6e37cf403abf"},
    {file = "dependency_injector-4.41.0-cp311-cp311-musllinux_1_1_aarch64.whl", hash = "sha256:5fa3ed8f0700e47a0e7363f949b4525ffa8277aa1c5b10ca5b41fce4dea61bb9"},
    {file = "dependency_injector-4.41.0-cp311-cp311-musllinux_1_1_i686.whl", hash = "sha256:05e15ea0f2b14c1127e8b0d1597fef13f98845679f63bf670ba12dbfc12a16ef"},
    {file = "dependency_injector-4.41.0-cp311-cp311-musllinux_1_1_x86_64.whl", hash = "sha256:3055b3fc47a0d6e5f27defb4166c0d37543a4967c279549b154afaf506ce6efc"},
    {file = "dependency_injector-4.41.0-cp311-cp311-win32.whl", hash = "sha256:37d5954026e3831663518d78bdf4be9c2dbfea691edcb73c813aa3093aa4363a"},
    {file = "dependency_injector-4.41.0-cp311-cp311-win_amd64.whl", hash = "sha256:f89a507e389b7e4d4892dd9a6f5f4da25849e24f73275478634ac594d621ab3f"},
    {file = "dependency_injector-4.41.0-cp36-cp36m-macosx_10_9_x86_64.whl", hash = "sha256:ac79f3c05747f9724bd56c06985e78331fc6c85eb50f3e3f1a35e0c60f9977e9"},
    {file = "dependency_injector-4.41.0-cp36-cp36m-manylinux_2_17_aarch64.manylinux2014_aarch64.whl", hash = "sha256:75e7a733b372db3144a34020c4233f6b94db2c6342d6d16bc5245b1b941ee2bd"},
    {file = "dependency_injector-4.41.0-cp36-cp36m-manylinux_2_17_x86_64.manylinux2014_x86_64.whl", hash = "sha256:40936d9384363331910abd59dd244158ec3572abf9d37322f15095315ac99893"},
    {file = "dependency_injector-4.41.0-cp36-cp36m-manylinux_2_5_i686.manylinux1_i686.manylinux_2_17_i686.manylinux2014_i686.whl", hash = "sha256:4a31d9d60be4b585585081109480cfb2ef564d3b851cb32a139bf8408411a93a"},
    {file = "dependency_injector-4.41.0-cp36-cp36m-musllinux_1_1_aarch64.whl", hash = "sha256:953bfac819d32dc72b963767589e0ed372e5e9e78b03fb6b89419d0500d34bbe"},
    {file = "dependency_injector-4.41.0-cp36-cp36m-musllinux_1_1_i686.whl", hash = "sha256:8f0090ff14038f17a026ca408a3a0b0e7affb6aa7498b2b59d670f40ac970fbe"},
    {file = "dependency_injector-4.41.0-cp36-cp36m-musllinux_1_1_x86_64.whl", hash = "sha256:6b29abac56ce347d2eb58a560723e1663ee2125cf5cc38866ed92b84319927ec"},
    {file = "dependency_injector-4.41.0-cp36-cp36m-win32.whl", hash = "sha256:059fbb48333148143e8667a5323d162628dfe27c386bd0ed3deeecfc390338bf"},
    {file = "dependency_injector-4.41.0-cp36-cp36m-win_amd64.whl", hash = "sha256:16de2797dcfcc2263b8672bf0751166f7c7b369ca2ff9246ceb67b65f8e1d802"},
    {file = "dependency_injector-4.41.0-cp37-cp37m-macosx_10_9_x86_64.whl", hash = "sha256:c71d30b6708438050675f338edb9a25bea6c258478dbe5ec8405286756a2d347"},
    {file = "dependency_injector-4.41.0-cp37-cp37m-manylinux_2_17_aarch64.manylinux2014_aarch64.whl", hash = "sha256:d283aee588a72072439e6721cb64aa6cba5bc18c576ef0ab28285a6ec7a9d655"},
    {file = "dependency_injector-4.41.0-cp37-cp37m-manylinux_2_17_x86_64.manylinux2014_x86_64.whl", hash = "sha256:bc852da612c7e347f2fcf921df2eca2718697a49f648a28a63db3ab504fd9510"},
    {file = "dependency_injector-4.41.0-cp37-cp37m-manylinux_2_5_i686.manylinux1_i686.manylinux_2_17_i686.manylinux2014_i686.whl", hash = "sha256:02620454ee8101f77a317f3229935ce687480883d72a40858ff4b0c87c935cce"},
    {file = "dependency_injector-4.41.0-cp37-cp37m-musllinux_1_1_aarch64.whl", hash = "sha256:7a92680bea1c260e5c0d2d6cd60b0c913cba76a456a147db5ac047ecfcfcc758"},
    {file = "dependency_injector-4.41.0-cp37-cp37m-musllinux_1_1_i686.whl", hash = "sha256:168334cba3f1cbf55299ef38f0f2e31879115cc767b780c859f7814a52d80abb"},
    {file = "dependency_injector-4.41.0-cp37-cp37m-musllinux_1_1_x86_64.whl", hash = "sha256:48b6886a87b4ceb9b9f78550f77b2a5c7d2ce33bc83efd886556ad468cc9c85a"},
    {file = "dependency_injector-4.41.0-cp37-cp37m-win32.whl", hash = "sha256:87be84084a1b922c4ba15e2e5aa900ee24b78a5467997cb7aec0a1d6cdb4a00b"},
    {file = "dependency_injector-4.41.0-cp37-cp37m-win_amd64.whl", hash = "sha256:8b8cf1c6c56f5c18bdbd9f5e93b52ca29cb4d99606d4056e91f0c761eef496dc"},
    {file = "dependency_injector-4.41.0-cp38-cp38-macosx_10_9_x86_64.whl", hash = "sha256:a8686fa330c83251c75c8238697686f7a0e0f6d40658538089165dc72df9bcff"},
    {file = "dependency_injector-4.41.0-cp38-cp38-manylinux_2_17_aarch64.manylinux2014_aarch64.whl", hash = "sha256:8d670a844268dcd758195e58e9a5b39fc74bb8648aba99a13135a4a10ec9cfac"},
    {file = "dependency_injector-4.41.0-cp38-cp38-manylinux_2_17_x86_64.manylinux2014_x86_64.whl", hash = "sha256:9e3b9d41e0eff4c8e16fea1e33de66ff0030fe51137ca530f3c52ce110447914"},
    {file = "dependency_injector-4.41.0-cp38-cp38-manylinux_2_5_i686.manylinux1_i686.manylinux_2_17_i686.manylinux2014_i686.whl", hash = "sha256:33a724e0a737baadb4378f5dc1b079867cc3a88552fcca719b3dba84716828b2"},
    {file = "dependency_injector-4.41.0-cp38-cp38-musllinux_1_1_aarch64.whl", hash = "sha256:3588bd887b051d16b8bcabaae1127eb14059a0719a8fe34c8a75ba59321b352c"},
    {file = "dependency_injector-4.41.0-cp38-cp38-musllinux_1_1_i686.whl", hash = "sha256:409441122f40e1b4b8582845fdd76deb9dc5c9d6eb74a057b85736ef9e9c671f"},
    {file = "dependency_injector-4.41.0-cp38-cp38-musllinux_1_1_x86_64.whl", hash = "sha256:7dcba8665cafec825b7095d5dd80afb5cf14404450eca3fe8b66e1edbf4dbc10"},
    {file = "dependency_injector-4.41.0-cp38-cp38-win32.whl", hash = "sha256:8b51efeaebacaf79ef68edfc65e9687699ccffb3538c4a3ab30d0d77e2db7189"},
    {file = "dependency_injector-4.41.0-cp38-cp38-win_amd64.whl", hash = "sha256:1662e2ef60ac6e681b9e11b5d8b7c17a0f733688916cf695f9540f8f50a61b1e"},
    {file = "dependency_injector-4.41.0-cp39-cp39-macosx_10_9_x86_64.whl", hash = "sha256:51217cb384b468d7cc355544cec20774859f00812f9a1a71ed7fa701c957b2a7"},
    {file = "dependency_injector-4.41.0-cp39-cp39-manylinux_2_17_aarch64.manylinux2014_aarch64.whl", hash = "sha256:b3890a12423ae3a9eade035093beba487f8d092ee6c6cb8706f4e7080a56e819"},
    {file = "dependency_injector-4.41.0-cp39-cp39-manylinux_2_17_x86_64.manylinux2014_x86_64.whl", hash = "sha256:99ed73b1521bf249e2823a08a730c9f9413a58f4b4290da022e0ad4fb333ba3d"},
    {file = "dependency_injector-4.41.0-cp39-cp39-manylinux_2_5_i686.manylinux1_i686.manylinux_2_17_i686.manylinux2014_i686.whl", hash = "sha256:300838e9d4f3fbf539892a5a4072851728e23b37a1f467afcf393edd994d88f0"},
    {file = "dependency_injector-4.41.0-cp39-cp39-musllinux_1_1_aarch64.whl", hash = "sha256:56d37b9d2f50a18f059d9abdbea7669a7518bd42b81603c21a27910a2b3f1657"},
    {file = "dependency_injector-4.41.0-cp39-cp39-musllinux_1_1_i686.whl", hash = "sha256:4a44ca3ce5867513a70b31855b218be3d251f5068ce1c480cc3a4ad24ffd3280"},
    {file = "dependency_injector-4.41.0-cp39-cp39-musllinux_1_1_x86_64.whl", hash = "sha256:67b369592c57549ccdcad0d5fef1ddb9d39af7fed8083d76e789ab0111fc6389"},
    {file = "dependency_injector-4.41.0-cp39-cp39-win32.whl", hash = "sha256:740a8e8106a04d3f44b52b25b80570fdac96a8a3934423de7c9202c5623e7936"},
    {file = "dependency_injector-4.41.0-cp39-cp39-win_amd64.whl", hash = "sha256:22b11dbf696e184f0b3d5ac4e5418aeac3c379ba4ea758c04a83869b7e5d1cbf"},
    {file = "dependency_injector-4.41.0-pp37-pypy37_pp73-macosx_10_9_x86_64.whl", hash = "sha256:b365a8548e9a49049fa6acb24d3cd939f619eeb8e300ca3e156e44402dcc07ec"},
    {file = "dependency_injector-4.41.0-pp37-pypy37_pp73-manylinux_2_17_aarch64.manylinux2014_aarch64.whl", hash = "sha256:5168dc59808317dc4cdd235aa5d7d556d33e5600156acaf224cead236b48a3e8"},
    {file = "dependency_injector-4.41.0-pp37-pypy37_pp73-manylinux_2_5_i686.manylinux1_i686.manylinux_2_17_i686.manylinux2014_i686.whl", hash = "sha256:e3229d83e99e255451605d5276604386e06ad948e3d60f31ddd796781c77f76f"},
    {file = "dependency_injector-4.41.0-pp37-pypy37_pp73-manylinux_2_5_x86_64.manylinux1_x86_64.manylinux_2_17_x86_64.manylinux2014_x86_64.whl", hash = "sha256:1baee908f21190bdc46a65ce4c417a5175e9397ca62354928694fce218f84487"},
    {file = "dependency_injector-4.41.0-pp37-pypy37_pp73-win_amd64.whl", hash = "sha256:b37f36ecb0c1227f697e1d4a029644e3eda8dd0f0716aa63ad04d96dbb15bbbb"},
    {file = "dependency_injector-4.41.0-pp38-pypy38_pp73-macosx_10_9_x86_64.whl", hash = "sha256:b0c9c966ff66c77364a2d43d08de9968aff7e3903938fe912ba49796b2133344"},
    {file = "dependency_injector-4.41.0-pp38-pypy38_pp73-manylinux_2_17_aarch64.manylinux2014_aarch64.whl", hash = "sha256:12e91ac0333e7e589421943ff6c6bf9cf0d9ac9703301cec37ccff3723406332"},
    {file = "dependency_injector-4.41.0-pp38-pypy38_pp73-manylinux_2_5_i686.manylinux1_i686.manylinux_2_17_i686.manylinux2014_i686.whl", hash = "sha256:b2440b32474d4e747209528ca3ae48f42563b2fbe3d74dbfe949c11dfbfef7c4"},
    {file = "dependency_injector-4.41.0-pp38-pypy38_pp73-manylinux_2_5_x86_64.manylinux1_x86_64.manylinux_2_17_x86_64.manylinux2014_x86_64.whl", hash = "sha256:54032d62610cf2f4421c9d92cef52957215aaa0bca403cda580c58eb3f726eda"},
    {file = "dependency_injector-4.41.0-pp38-pypy38_pp73-win_amd64.whl", hash = "sha256:76b94c8310929e54136f3cb3de3adc86d1a657b3984299f40bf1cd2ba0bae548"},
    {file = "dependency_injector-4.41.0-pp39-pypy39_pp73-macosx_10_9_x86_64.whl", hash = "sha256:6ee9810841c6e0599356cb884d16453bfca6ab739d0e4f0248724ed8f9ee0d79"},
    {file = "dependency_injector-4.41.0-pp39-pypy39_pp73-manylinux_2_17_aarch64.manylinux2014_aarch64.whl", hash = "sha256:6b98945edae88e777091bf0848f869fb94bd76dfa4066d7c870a5caa933391d0"},
    {file = "dependency_injector-4.41.0-pp39-pypy39_pp73-manylinux_2_5_i686.manylinux1_i686.manylinux_2_17_i686.manylinux2014_i686.whl", hash = "sha256:a2dee5d4abdd21f1a30a51d46645c095be9dcc404c7c6e9f81d0a01415a49e64"},
    {file = "dependency_injector-4.41.0-pp39-pypy39_pp73-manylinux_2_5_x86_64.manylinux1_x86_64.manylinux_2_17_x86_64.manylinux2014_x86_64.whl", hash = "sha256:d03f5fa0fa98a18bd0dfce846db80e2798607f0b861f1f99c97f441f7669d7a2"},
    {file = "dependency_injector-4.41.0-pp39-pypy39_pp73-win_amd64.whl", hash = "sha256:f2842e15bae664a9f69932e922b02afa055c91efec959cb1896f6c499bf68180"},
]

[package.dependencies]
six = ">=1.7.0,<=1.16.0"

[package.extras]
aiohttp = ["aiohttp"]
flask = ["flask"]
pydantic = ["pydantic"]
yaml = ["pyyaml"]

[[package]]
name = "idna"
version = "3.4"
description = "Internationalized Domain Names in Applications (IDNA)"
optional = false
python-versions = ">=3.5"
files = [
    {file = "idna-3.4-py3-none-any.whl", hash = "sha256:90b77e79eaa3eba6de819a0c442c0b4ceefc341a7a2ab77d7562bf49f425c5c2"},
    {file = "idna-3.4.tar.gz", hash = "sha256:814f528e8dead7d329833b91c5faa87d60bf71824cd12a7530b5526063d02cb4"},
]

[[package]]
name = "requests"
version = "2.31.0"
description = "Python HTTP for Humans."
optional = false
python-versions = ">=3.7"
files = [
    {file = "requests-2.31.0-py3-none-any.whl", hash = "sha256:58cd2187c01e70e6e26505bca751777aa9f2ee0b7f4300988b709f44e013003f"},
    {file = "requests-2.31.0.tar.gz", hash = "sha256:942c5a758f98d790eaed1a29cb6eefc7ffb0d1cf7af05c3d2791656dbd6ad1e1"},
]

[package.dependencies]
certifi = ">=2017.4.17"
charset-normalizer = ">=2,<4"
idna = ">=2.5,<4"
urllib3 = ">=1.21.1,<3"

[package.extras]
socks = ["PySocks (>=1.5.6,!=1.5.7)"]
use-chardet-on-py3 = ["chardet (>=3.0.2,<6)"]

[[package]]
name = "six"
version = "1.16.0"
description = "Python 2 and 3 compatibility utilities"
optional = false
python-versions = ">=2.7, !=3.0.*, !=3.1.*, !=3.2.*"
files = [
    {file = "six-1.16.0-py2.py3-none-any.whl", hash = "sha256:8abb2f1d86890a2dfb989f9a77cfcfd3e47c2a354b01111771326f8aa26e0254"},
    {file = "six-1.16.0.tar.gz", hash = "sha256:1e61c37477a1626458e36f7b1d82aa5c9b094fa4802892072e49de9c60c4c926"},
]

[[package]]
name = "types-requests"
version = "2.31.0.10"
description = "Typing stubs for requests"
optional = false
python-versions = ">=3.7"
files = [
    {file = "types-requests-2.31.0.10.tar.gz", hash = "sha256:dc5852a76f1eaf60eafa81a2e50aefa3d1f015c34cf0cba130930866b1b22a92"},
    {file = "types_requests-2.31.0.10-py3-none-any.whl", hash = "sha256:b32b9a86beffa876c0c3ac99a4cd3b8b51e973fb8e3bd4e0a6bb32c7efad80fc"},
]

[package.dependencies]
urllib3 = ">=2"

[[package]]
name = "urllib3"
version = "2.0.7"
description = "HTTP library with thread-safe connection pooling, file post, and more."
optional = false
python-versions = ">=3.7"
files = [
    {file = "urllib3-2.0.7-py3-none-any.whl", hash = "sha256:fdb6d215c776278489906c2f8916e6e7d4f5a9b602ccbcfdf7f016fc8da0596e"},
    {file = "urllib3-2.0.7.tar.gz", hash = "sha256:c97dfde1f7bd43a71c8d2a58e369e9b2bf692d1334ea9f9cae55add7d0dd0f84"},
]

[package.extras]
brotli = ["brotli (>=1.0.9)", "brotlicffi (>=0.8.0)"]
secure = ["certifi", "cryptography (>=1.9)", "idna (>=2.0.0)", "pyopenssl (>=17.1.0)", "urllib3-secure-extra"]
socks = ["pysocks (>=1.5.6,!=1.5.7,<2.0)"]
zstd = ["zstandard (>=0.18.0)"]

[metadata]
lock-version = "2.0"
python-versions = "^3.11"
content-hash = "90d93d31831c54536a6cf28bd6c2eebf3c6dd4abce301bf1120b9f8d0ed6bee7"
